{
  "nodes": {
    "nixpkgs": {
      "locked": {
        "lastModified": 1753812057,
        "narHash": "sha256-+/0X4wpuqm+BChLcv9hg5/dGp5oWhCe+k6Mk+L0oaao=",
        "owner": "NixOS",
        "repo": "nixpkgs",
        "rev": "1e8f965e4e89332e299d6863fbd44a7224485ffd",
        "type": "github"
      },
      "original": {
        "owner": "NixOS",
        "repo": "nixpkgs",
        "type": "github"
      }
    },
    "root": {
      "inputs": {
        "nixpkgs": "nixpkgs"
      }
    }
  },
  "root": "root",
  "version": 7
}
